
Microsoft Visual Studio Solution File, Format Version 12.00
# Visual Studio 15
VisualStudioVersion = 15.0.27703.2035
MinimumVisualStudioVersion = 10.0.40219.1
Project("{FAE04EC0-301F-11D3-BF4B-00C04F79EFBC}") = "AutoMobileProject", "AutoMobileProject\AutoMobileProject.csproj", "{01BB22B3-1D79-4994-80EE-29BDC37C3CEC}"
EndProject
Global
	GlobalSection(SolutionConfigurationPlatforms) = preSolution
		Debug|Any CPU = Debug|Any CPU
		Release|Any CPU = Release|Any CPU
	EndGlobalSection
	GlobalSection(ProjectConfigurationPlatforms) = postSolution
		{01BB22B3-1D79-4994-80EE-29BDC37C3CEC}.Debug|Any CPU.ActiveCfg = Debug|Any CPU
		{01BB22B3-1D79-4994-80EE-29BDC37C3CEC}.Debug|Any CPU.Build.0 = Debug|Any CPU
		{01BB22B3-1D79-4994-80EE-29BDC37C3CEC}.Release|Any CPU.ActiveCfg = Release|Any CPU
		{01BB22B3-1D79-4994-80EE-29BDC37C3CEC}.Release|Any CPU.Build.0 = Release|Any CPU
	EndGlobalSection
	GlobalSection(SolutionProperties) = preSolution
		HideSolutionNode = FALSE
	EndGlobalSection
	GlobalSection(ExtensibilityGlobals) = postSolution
		SolutionGuid = {C8D0635C-8FA2-464E-983A-46DBCE41BF31}
	EndGlobalSection
EndGlobal
